
Microsoft Visual Studio Solution File, Format Version 12.00
# Visual Studio Version 17
VisualStudioVersion = 17.0.32014.148
MinimumVisualStudioVersion = 10.0.40219.1
Project("{9A19103F-16F7-4668-BE54-9A1E7A4F7556}") = "ComputerShop.Web", "ComputerShop.Web\ComputerShop.Web.csproj", "{CA4DFF82-4198-434F-90A8-5233F56BF921}"
EndProject
Project("{9A19103F-16F7-4668-BE54-9A1E7A4F7556}") = "ComputerShop.DataAccess", "ComputerShop.DataAccess\ComputerShop.DataAccess.csproj", "{9F633541-8DAE-488B-8999-E24F8E78FE87}"
EndProject
Project("{9A19103F-16F7-4668-BE54-9A1E7A4F7556}") = "ComputerShop.Models", "ComputerShop.Models\ComputerShop.Models.csproj", "{8718B000-5442-41FB-A49B-C5C3FA179365}"
EndProject
Project("{FAE04EC0-301F-11D3-BF4B-00C04F79EFBC}") = "ComputerShop.Utils", "ComputerShop.Utils\ComputerShop.Utils.csproj", "{713CD738-47F8-481B-93BC-3A0697CA695B}"
EndProject
Global
	GlobalSection(SolutionConfigurationPlatforms) = preSolution
		Debug|Any CPU = Debug|Any CPU
		Release|Any CPU = Release|Any CPU
	EndGlobalSection
	GlobalSection(ProjectConfigurationPlatforms) = postSolution
		{CA4DFF82-4198-434F-90A8-5233F56BF921}.Debug|Any CPU.ActiveCfg = Debug|Any CPU
		{CA4DFF82-4198-434F-90A8-5233F56BF921}.Debug|Any CPU.Build.0 = Debug|Any CPU
		{CA4DFF82-4198-434F-90A8-5233F56BF921}.Release|Any CPU.ActiveCfg = Release|Any CPU
		{CA4DFF82-4198-434F-90A8-5233F56BF921}.Release|Any CPU.Build.0 = Release|Any CPU
		{9F633541-8DAE-488B-8999-E24F8E78FE87}.Debug|Any CPU.ActiveCfg = Debug|Any CPU
		{9F633541-8DAE-488B-8999-E24F8E78FE87}.Debug|Any CPU.Build.0 = Debug|Any CPU
		{9F633541-8DAE-488B-8999-E24F8E78FE87}.Release|Any CPU.ActiveCfg = Release|Any CPU
		{9F633541-8DAE-488B-8999-E24F8E78FE87}.Release|Any CPU.Build.0 = Release|Any CPU
		{8718B000-5442-41FB-A49B-C5C3FA179365}.Debug|Any CPU.ActiveCfg = Debug|Any CPU
		{8718B000-5442-41FB-A49B-C5C3FA179365}.Debug|Any CPU.Build.0 = Debug|Any CPU
		{8718B000-5442-41FB-A49B-C5C3FA179365}.Release|Any CPU.ActiveCfg = Release|Any CPU
		{8718B000-5442-41FB-A49B-C5C3FA179365}.Release|Any CPU.Build.0 = Release|Any CPU
		{713CD738-47F8-481B-93BC-3A0697CA695B}.Debug|Any CPU.ActiveCfg = Debug|Any CPU
		{713CD738-47F8-481B-93BC-3A0697CA695B}.Debug|Any CPU.Build.0 = Debug|Any CPU
		{713CD738-47F8-481B-93BC-3A0697CA695B}.Release|Any CPU.ActiveCfg = Release|Any CPU
		{713CD738-47F8-481B-93BC-3A0697CA695B}.Release|Any CPU.Build.0 = Release|Any CPU
	EndGlobalSection
	GlobalSection(SolutionProperties) = preSolution
		HideSolutionNode = FALSE
	EndGlobalSection
	GlobalSection(ExtensibilityGlobals) = postSolution
		SolutionGuid = {AB56CD89-9D78-4924-9288-71678DA5672D}
	EndGlobalSection
EndGlobal
